// !$*UTF8*$!
{
	archiveVersion = 1;
	classes = {
	};
	objectVersion = 45;
	objects = {

/* Begin PBXBuildFile section */
		0511A70F145B65310060519A /* AsyncSocket.m in Sources */ = {isa = PBXBuildFile; fileRef = 0511A709145B65310060519A /* AsyncSocket.m */; };
		0511A710145B65310060519A /* RemotingClient.m in Sources */ = {isa = PBXBuildFile; fileRef = 0511A70B145B65310060519A /* RemotingClient.m */; };
		0511A7F1145EDB4B0060519A /* NRStats.m in Sources */ = {isa = PBXBuildFile; fileRef = 0511A7F0145EDB4A0060519A /* NRStats.m */; };
		0550BFC8145FF9D800BF8366 /* UIKit.framework in Frameworks */ = {isa = PBXBuildFile; fileRef = 0550BFC7145FF9D800BF8366 /* UIKit.framework */; };
		0550BFCA145FF9D800BF8366 /* Foundation.framework in Frameworks */ = {isa = PBXBuildFile; fileRef = 0550BFC9145FF9D800BF8366 /* Foundation.framework */; };
		0550BFCC145FF9D800BF8366 /* CoreGraphics.framework in Frameworks */ = {isa = PBXBuildFile; fileRef = 0550BFCB145FF9D800BF8366 /* CoreGraphics.framework */; };
		0550BFD2145FF9D800BF8366 /* InfoPlist.strings in Resources */ = {isa = PBXBuildFile; fileRef = 0550BFD0145FF9D800BF8366 /* InfoPlist.strings */; };
		0550BFD4145FF9D800BF8366 /* main.m in Sources */ = {isa = PBXBuildFile; fileRef = 0550BFD3145FF9D800BF8366 /* main.m */; };
		0550BFD8145FF9D800BF8366 /* NRAppDelegate.m in Sources */ = {isa = PBXBuildFile; fileRef = 0550BFD7145FF9D800BF8366 /* NRAppDelegate.m */; };
		0550BFE1145FFC8100BF8366 /* NRHostFinder.m in Sources */ = {isa = PBXBuildFile; fileRef = 0550BFDD145FFC5600BF8366 /* NRHostFinder.m */; };
		0550BFE2145FFC8700BF8366 /* NRHostFinder.xib in Resources */ = {isa = PBXBuildFile; fileRef = 0550BFDE145FFC5600BF8366 /* NRHostFinder.xib */; };
		0550BFE31460007000BF8366 /* AsyncSocket.m in Sources */ = {isa = PBXBuildFile; fileRef = 0511A709145B65310060519A /* AsyncSocket.m */; };
		0550BFE41460007300BF8366 /* RemotingClient.m in Sources */ = {isa = PBXBuildFile; fileRef = 0511A70B145B65310060519A /* RemotingClient.m */; };
		0550BFE51460007600BF8366 /* NRStats.m in Sources */ = {isa = PBXBuildFile; fileRef = 0511A7F0145EDB4A0060519A /* NRStats.m */; };
		0550BFE71460008E00BF8366 /* CFNetwork.framework in Frameworks */ = {isa = PBXBuildFile; fileRef = 0550BFE61460008E00BF8366 /* CFNetwork.framework */; };
		0550BFF31460030100BF8366 /* NRStatsViewer.m in Sources */ = {isa = PBXBuildFile; fileRef = 0550BFEA146002C600BF8366 /* NRStatsViewer.m */; };
		0550BFF41460030100BF8366 /* NRStatsViewer.xib in Resources */ = {isa = PBXBuildFile; fileRef = 0550BFEB146002C600BF8366 /* NRStatsViewer.xib */; };
		0550BFF51460030100BF8366 /* NRClientVC.m in Sources */ = {isa = PBXBuildFile; fileRef = 0550BFEF146002EF00BF8366 /* NRClientVC.m */; };
		0550BFF81460053000BF8366 /* NRStatsCell.m in Sources */ = {isa = PBXBuildFile; fileRef = 0550BFF71460053000BF8366 /* NRStatsCell.m */; };
		0550BFF91460053000BF8366 /* NRStatsCell.m in Sources */ = {isa = PBXBuildFile; fileRef = 0550BFF71460053000BF8366 /* NRStatsCell.m */; };
		0550C0221460063800BF8366 /* libCorePlot-CocoaTouch.a in Frameworks */ = {isa = PBXBuildFile; fileRef = 0550C00D146005F200BF8366 /* libCorePlot-CocoaTouch.a */; };
		0550C0291460079000BF8366 /* QuartzCore.framework in Frameworks */ = {isa = PBXBuildFile; fileRef = 0550C0281460079000BF8366 /* QuartzCore.framework */; };
		0550C02B1460159000BF8366 /* NRStatsCell.xib in Resources */ = {isa = PBXBuildFile; fileRef = 0550C02A1460159000BF8366 /* NRStatsCell.xib */; };
		056EE44F1338DE1200FA0A60 /* ClientController.m in Sources */ = {isa = PBXBuildFile; fileRef = 056EE44D1338DE1200FA0A60 /* ClientController.m */; };
		056EE4501338DE1200FA0A60 /* ClientController.xib in Resources */ = {isa = PBXBuildFile; fileRef = 056EE44E1338DE1200FA0A60 /* ClientController.xib */; };
		056EE58B1338EB0200FA0A60 /* icon.icns in Resources */ = {isa = PBXBuildFile; fileRef = 056EE58A1338EB0200FA0A60 /* icon.icns */; };
		059920F61615F79C009FC7BD /* CorePlot.framework in Frameworks */ = {isa = PBXBuildFile; fileRef = 059920F51615F79C009FC7BD /* CorePlot.framework */; };
		05AFC26C14FD46580093BB1F /* NRTextOnlyStatsCell.m in Sources */ = {isa = PBXBuildFile; fileRef = 05AFC26B14FD46580093BB1F /* NRTextOnlyStatsCell.m */; };
		05E678AC14601B8F006E0499 /* LogViewer.m in Sources */ = {isa = PBXBuildFile; fileRef = 05E678AB14601B8F006E0499 /* LogViewer.m */; };
		05E678CD14602D4D006E0499 /* CorePlot.framework in CopyFiles */ = {isa = PBXBuildFile; fileRef = 0511A7C4145EA3010060519A /* CorePlot.framework */; };
		05E6791F14605575006E0499 /* icon.png in Resources */ = {isa = PBXBuildFile; fileRef = 05E6791E14605575006E0499 /* icon.png */; };
		05F6CEE2134F31ED009FB3B1 /* TemplateController.m in Sources */ = {isa = PBXBuildFile; fileRef = 05F6CEE1134F31ED009FB3B1 /* TemplateController.m */; };
		1DDD58160DA1D0A300B32029 /* MainMenu.xib in Resources */ = {isa = PBXBuildFile; fileRef = 1DDD58140DA1D0A300B32029 /* MainMenu.xib */; };
		256AC3DA0F4B6AC300CF3369 /* NuRemoterAppDelegate.m in Sources */ = {isa = PBXBuildFile; fileRef = 256AC3D90F4B6AC300CF3369 /* NuRemoterAppDelegate.m */; };
		8D11072B0486CEB800E47090 /* InfoPlist.strings in Resources */ = {isa = PBXBuildFile; fileRef = 089C165CFE840E0CC02AAC07 /* InfoPlist.strings */; };
		8D11072D0486CEB800E47090 /* main.m in Sources */ = {isa = PBXBuildFile; fileRef = 29B97316FDCFA39411CA2CEA /* main.m */; settings = {ATTRIBUTES = (); }; };
		8D11072F0486CEB800E47090 /* Cocoa.framework in Frameworks */ = {isa = PBXBuildFile; fileRef = 1058C7A1FEA54F0111CA2CBB /* Cocoa.framework */; };
/* End PBXBuildFile section */

/* Begin PBXContainerItemProxy section */
		0511A7C3145EA3010060519A /* PBXContainerItemProxy */ = {
			isa = PBXContainerItemProxy;
			containerPortal = 0511A7BA145EA3010060519A /* CorePlot.xcodeproj */;
			proxyType = 2;
			remoteGlobalIDString = 8DC2EF5B0486A6940098B216;
			remoteInfo = CorePlot;
		};
		0511A7C5145EA3010060519A /* PBXContainerItemProxy */ = {
			isa = PBXContainerItemProxy;
			containerPortal = 0511A7BA145EA3010060519A /* CorePlot.xcodeproj */;
			proxyType = 2;
			remoteGlobalIDString = 0730F600109492D800E95162;
			remoteInfo = UnitTests;
		};
		0550C00C146005F200BF8366 /* PBXContainerItemProxy */ = {
			isa = PBXContainerItemProxy;
			containerPortal = 0550C006146005F200BF8366 /* CorePlot-CocoaTouch.xcodeproj */;
			proxyType = 2;
			remoteGlobalIDString = BC9B83470FB8A0A40035D8DA;
			remoteInfo = "CorePlot-CocoaTouch";
		};
		05AADF071615F76F0082AED0 /* PBXContainerItemProxy */ = {
			isa = PBXContainerItemProxy;
			containerPortal = 0511A7BA145EA3010060519A /* CorePlot.xcodeproj */;
			proxyType = 1;
			remoteGlobalIDString = 8DC2EF4F0486A6940098B216;
			remoteInfo = CorePlot;
		};
/* End PBXContainerItemProxy section */

/* Begin PBXCopyFilesBuildPhase section */
		05E678CC14602D3F006E0499 /* CopyFiles */ = {
			isa = PBXCopyFilesBuildPhase;
			buildActionMask = 2147483647;
			dstPath = "";
			dstSubfolderSpec = 10;
			files = (
				05E678CD14602D4D006E0499 /* CorePlot.framework in CopyFiles */,
			);
			runOnlyForDeploymentPostprocessing = 0;
		};
/* End PBXCopyFilesBuildPhase section */

/* Begin PBXFileReference section */
		0511A708145B65310060519A /* AsyncSocket.h */ = {isa = PBXFileReference; fileEncoding = 4; lastKnownFileType = sourcecode.c.h; path = AsyncSocket.h; sourceTree = "<group>"; };
		0511A709145B65310060519A /* AsyncSocket.m */ = {isa = PBXFileReference; fileEncoding = 4; lastKnownFileType = sourcecode.c.objc; path = AsyncSocket.m; sourceTree = "<group>"; };
		0511A70A145B65310060519A /* RemotingClient.h */ = {isa = PBXFileReference; fileEncoding = 4; lastKnownFileType = sourcecode.c.h; path = RemotingClient.h; sourceTree = "<group>"; };
		0511A70B145B65310060519A /* RemotingClient.m */ = {isa = PBXFileReference; fileEncoding = 4; lastKnownFileType = sourcecode.c.objc; path = RemotingClient.m; sourceTree = "<group>"; };
		0511A70C145B65310060519A /* Shared.h */ = {isa = PBXFileReference; fileEncoding = 4; lastKnownFileType = sourcecode.c.h; path = Shared.h; sourceTree = "<group>"; };
		0511A7BA145EA3010060519A /* CorePlot.xcodeproj */ = {isa = PBXFileReference; lastKnownFileType = "wrapper.pb-project"; name = CorePlot.xcodeproj; path = CorePlot/framework/CorePlot.xcodeproj; sourceTree = "<group>"; };
		0511A7EF145EDB4A0060519A /* NRStats.h */ = {isa = PBXFileReference; fileEncoding = 4; lastKnownFileType = sourcecode.c.h; path = NRStats.h; sourceTree = "<group>"; };
		0511A7F0145EDB4A0060519A /* NRStats.m */ = {isa = PBXFileReference; fileEncoding = 4; lastKnownFileType = sourcecode.c.objc; path = NRStats.m; sourceTree = "<group>"; };
		0550BFC4145FF9D800BF8366 /* NuRemoter.app */ = {isa = PBXFileReference; explicitFileType = wrapper.application; includeInIndex = 0; path = NuRemoter.app; sourceTree = BUILT_PRODUCTS_DIR; };
		0550BFC7145FF9D800BF8366 /* UIKit.framework */ = {isa = PBXFileReference; lastKnownFileType = wrapper.framework; name = UIKit.framework; path = Library/Frameworks/UIKit.framework; sourceTree = DEVELOPER_DIR; };
		0550BFC9145FF9D800BF8366 /* Foundation.framework */ = {isa = PBXFileReference; lastKnownFileType = wrapper.framework; name = Foundation.framework; path = Library/Frameworks/Foundation.framework; sourceTree = DEVELOPER_DIR; };
		0550BFCB145FF9D800BF8366 /* CoreGraphics.framework */ = {isa = PBXFileReference; lastKnownFileType = wrapper.framework; name = CoreGraphics.framework; path = Library/Frameworks/CoreGraphics.framework; sourceTree = DEVELOPER_DIR; };
		0550BFCF145FF9D800BF8366 /* MobileNuRemoter-Info.plist */ = {isa = PBXFileReference; lastKnownFileType = text.plist.xml; path = "MobileNuRemoter-Info.plist"; sourceTree = "<group>"; };
		0550BFD1145FF9D800BF8366 /* en */ = {isa = PBXFileReference; lastKnownFileType = text.plist.strings; name = en; path = en.lproj/InfoPlist.strings; sourceTree = "<group>"; };
		0550BFD3145FF9D800BF8366 /* main.m */ = {isa = PBXFileReference; lastKnownFileType = sourcecode.c.objc; path = main.m; sourceTree = "<group>"; };
		0550BFD5145FF9D800BF8366 /* MobileNuRemoter-Prefix.pch */ = {isa = PBXFileReference; lastKnownFileType = sourcecode.c.h; path = "MobileNuRemoter-Prefix.pch"; sourceTree = "<group>"; };
		0550BFD6145FF9D800BF8366 /* NRAppDelegate.h */ = {isa = PBXFileReference; lastKnownFileType = sourcecode.c.h; path = NRAppDelegate.h; sourceTree = "<group>"; };
		0550BFD7145FF9D800BF8366 /* NRAppDelegate.m */ = {isa = PBXFileReference; lastKnownFileType = sourcecode.c.objc; path = NRAppDelegate.m; sourceTree = "<group>"; };
		0550BFDC145FFC5600BF8366 /* NRHostFinder.h */ = {isa = PBXFileReference; fileEncoding = 4; lastKnownFileType = sourcecode.c.h; path = NRHostFinder.h; sourceTree = "<group>"; };
		0550BFDD145FFC5600BF8366 /* NRHostFinder.m */ = {isa = PBXFileReference; fileEncoding = 4; lastKnownFileType = sourcecode.c.objc; path = NRHostFinder.m; sourceTree = "<group>"; };
		0550BFDE145FFC5600BF8366 /* NRHostFinder.xib */ = {isa = PBXFileReference; fileEncoding = 4; lastKnownFileType = file.xib; path = NRHostFinder.xib; sourceTree = "<group>"; };
		0550BFE61460008E00BF8366 /* CFNetwork.framework */ = {isa = PBXFileReference; lastKnownFileType = wrapper.framework; name = CFNetwork.framework; path = Platforms/iPhoneOS.platform/Developer/SDKs/iPhoneOS5.0.sdk/System/Library/Frameworks/CFNetwork.framework; sourceTree = DEVELOPER_DIR; };
		0550BFE9146002C600BF8366 /* NRStatsViewer.h */ = {isa = PBXFileReference; fileEncoding = 4; lastKnownFileType = sourcecode.c.h; path = NRStatsViewer.h; sourceTree = "<group>"; };
		0550BFEA146002C600BF8366 /* NRStatsViewer.m */ = {isa = PBXFileReference; fileEncoding = 4; lastKnownFileType = sourcecode.c.objc; path = NRStatsViewer.m; sourceTree = "<group>"; };
		0550BFEB146002C600BF8366 /* NRStatsViewer.xib */ = {isa = PBXFileReference; fileEncoding = 4; lastKnownFileType = file.xib; path = NRStatsViewer.xib; sourceTree = "<group>"; };
		0550BFEE146002EF00BF8366 /* NRClientVC.h */ = {isa = PBXFileReference; fileEncoding = 4; lastKnownFileType = sourcecode.c.h; path = NRClientVC.h; sourceTree = "<group>"; };
		0550BFEF146002EF00BF8366 /* NRClientVC.m */ = {isa = PBXFileReference; fileEncoding = 4; lastKnownFileType = sourcecode.c.objc; path = NRClientVC.m; sourceTree = "<group>"; };
		0550BFF61460053000BF8366 /* NRStatsCell.h */ = {isa = PBXFileReference; fileEncoding = 4; lastKnownFileType = sourcecode.c.h; path = NRStatsCell.h; sourceTree = "<group>"; };
		0550BFF71460053000BF8366 /* NRStatsCell.m */ = {isa = PBXFileReference; fileEncoding = 4; lastKnownFileType = sourcecode.c.objc; path = NRStatsCell.m; sourceTree = "<group>"; };
		0550C006146005F200BF8366 /* CorePlot-CocoaTouch.xcodeproj */ = {isa = PBXFileReference; lastKnownFileType = "wrapper.pb-project"; name = "CorePlot-CocoaTouch.xcodeproj"; path = "CorePlot/framework/CorePlot-CocoaTouch.xcodeproj"; sourceTree = "<group>"; };
		0550C0281460079000BF8366 /* QuartzCore.framework */ = {isa = PBXFileReference; lastKnownFileType = wrapper.framework; name = QuartzCore.framework; path = Platforms/iPhoneOS.platform/Developer/SDKs/iPhoneOS5.0.sdk/System/Library/Frameworks/QuartzCore.framework; sourceTree = DEVELOPER_DIR; };
		0550C02A1460159000BF8366 /* NRStatsCell.xib */ = {isa = PBXFileReference; fileEncoding = 4; lastKnownFileType = file.xib; path = NRStatsCell.xib; sourceTree = "<group>"; };
		0559FC8A14CEE3DF0054F8F6 /* SPNuRemote.h */ = {isa = PBXFileReference; lastKnownFileType = sourcecode.c.h; path = SPNuRemote.h; sourceTree = "<group>"; };
		0559FC8B14CEE3DF0054F8F6 /* SPNuRemote.m */ = {isa = PBXFileReference; lastKnownFileType = sourcecode.c.objc; path = SPNuRemote.m; sourceTree = "<group>"; };
		056EE44C1338DE1200FA0A60 /* ClientController.h */ = {isa = PBXFileReference; fileEncoding = 4; lastKnownFileType = sourcecode.c.h; path = ClientController.h; sourceTree = "<group>"; };
		056EE44D1338DE1200FA0A60 /* ClientController.m */ = {isa = PBXFileReference; fileEncoding = 4; lastKnownFileType = sourcecode.c.objc; path = ClientController.m; sourceTree = "<group>"; };
		056EE44E1338DE1200FA0A60 /* ClientController.xib */ = {isa = PBXFileReference; lastKnownFileType = file.xib; path = ClientController.xib; sourceTree = "<group>"; };
		056EE58A1338EB0200FA0A60 /* icon.icns */ = {isa = PBXFileReference; lastKnownFileType = image.icns; path = icon.icns; sourceTree = "<group>"; };
		059920F51615F79C009FC7BD /* CorePlot.framework */ = {isa = PBXFileReference; lastKnownFileType = wrapper.framework; name = CorePlot.framework; path = CorePlot/build/Debug/CorePlot.framework; sourceTree = "<group>"; };
		05AFC26A14FD46580093BB1F /* NRTextOnlyStatsCell.h */ = {isa = PBXFileReference; fileEncoding = 4; lastKnownFileType = sourcecode.c.h; path = NRTextOnlyStatsCell.h; sourceTree = "<group>"; };
		05AFC26B14FD46580093BB1F /* NRTextOnlyStatsCell.m */ = {isa = PBXFileReference; fileEncoding = 4; lastKnownFileType = sourcecode.c.objc; path = NRTextOnlyStatsCell.m; sourceTree = "<group>"; };
		05E678AA14601B8F006E0499 /* LogViewer.h */ = {isa = PBXFileReference; fileEncoding = 4; lastKnownFileType = sourcecode.c.h; path = LogViewer.h; sourceTree = "<group>"; };
		05E678AB14601B8F006E0499 /* LogViewer.m */ = {isa = PBXFileReference; fileEncoding = 4; lastKnownFileType = sourcecode.c.objc; path = LogViewer.m; sourceTree = "<group>"; };
		05E6791E14605575006E0499 /* icon.png */ = {isa = PBXFileReference; lastKnownFileType = image.png; path = icon.png; sourceTree = "<group>"; };
		05F6CEE0134F31ED009FB3B1 /* TemplateController.h */ = {isa = PBXFileReference; fileEncoding = 4; lastKnownFileType = sourcecode.c.h; path = TemplateController.h; sourceTree = "<group>"; };
		05F6CEE1134F31ED009FB3B1 /* TemplateController.m */ = {isa = PBXFileReference; fileEncoding = 4; lastKnownFileType = sourcecode.c.objc; path = TemplateController.m; sourceTree = "<group>"; };
		089C165DFE840E0CC02AAC07 /* English */ = {isa = PBXFileReference; fileEncoding = 4; lastKnownFileType = text.plist.strings; name = English; path = English.lproj/InfoPlist.strings; sourceTree = "<group>"; };
		1058C7A1FEA54F0111CA2CBB /* Cocoa.framework */ = {isa = PBXFileReference; lastKnownFileType = wrapper.framework; name = Cocoa.framework; path = /System/Library/Frameworks/Cocoa.framework; sourceTree = "<absolute>"; };
		13E42FB307B3F0F600E4EEF1 /* CoreData.framework */ = {isa = PBXFileReference; lastKnownFileType = wrapper.framework; name = CoreData.framework; path = /System/Library/Frameworks/CoreData.framework; sourceTree = "<absolute>"; };
		1DDD58150DA1D0A300B32029 /* English */ = {isa = PBXFileReference; lastKnownFileType = file.xib; name = English; path = English.lproj/MainMenu.xib; sourceTree = "<group>"; };
		256AC3D80F4B6AC300CF3369 /* NuRemoterAppDelegate.h */ = {isa = PBXFileReference; fileEncoding = 4; lastKnownFileType = sourcecode.c.h; path = NuRemoterAppDelegate.h; sourceTree = "<group>"; };
		256AC3D90F4B6AC300CF3369 /* NuRemoterAppDelegate.m */ = {isa = PBXFileReference; fileEncoding = 4; lastKnownFileType = sourcecode.c.objc; path = NuRemoterAppDelegate.m; sourceTree = "<group>"; };
		256AC3F00F4B6AF500CF3369 /* NuRemoter_Prefix.pch */ = {isa = PBXFileReference; fileEncoding = 4; lastKnownFileType = sourcecode.c.h; path = NuRemoter_Prefix.pch; sourceTree = "<group>"; };
		29B97316FDCFA39411CA2CEA /* main.m */ = {isa = PBXFileReference; fileEncoding = 4; lastKnownFileType = sourcecode.c.objc; path = main.m; sourceTree = "<group>"; };
		29B97324FDCFA39411CA2CEA /* AppKit.framework */ = {isa = PBXFileReference; lastKnownFileType = wrapper.framework; name = AppKit.framework; path = /System/Library/Frameworks/AppKit.framework; sourceTree = "<absolute>"; };
		29B97325FDCFA39411CA2CEA /* Foundation.framework */ = {isa = PBXFileReference; lastKnownFileType = wrapper.framework; name = Foundation.framework; path = /System/Library/Frameworks/Foundation.framework; sourceTree = "<absolute>"; };
		8D1107310486CEB800E47090 /* NuRemoter-Info.plist */ = {isa = PBXFileReference; fileEncoding = 4; lastKnownFileType = text.plist.xml; path = "NuRemoter-Info.plist"; sourceTree = "<group>"; };
		8D1107320486CEB800E47090 /* NuRemoter.app */ = {isa = PBXFileReference; explicitFileType = wrapper.application; includeInIndex = 0; path = NuRemoter.app; sourceTree = BUILT_PRODUCTS_DIR; };
/* End PBXFileReference section */

/* Begin PBXFrameworksBuildPhase section */
		0550BFC1145FF9D800BF8366 /* Frameworks */ = {
			isa = PBXFrameworksBuildPhase;
			buildActionMask = 2147483647;
			files = (
				0550C0291460079000BF8366 /* QuartzCore.framework in Frameworks */,
				0550C0221460063800BF8366 /* libCorePlot-CocoaTouch.a in Frameworks */,
				0550BFE71460008E00BF8366 /* CFNetwork.framework in Frameworks */,
				0550BFC8145FF9D800BF8366 /* UIKit.framework in Frameworks */,
				0550BFCA145FF9D800BF8366 /* Foundation.framework in Frameworks */,
				0550BFCC145FF9D800BF8366 /* CoreGraphics.framework in Frameworks */,
			);
			runOnlyForDeploymentPostprocessing = 0;
		};
		8D11072E0486CEB800E47090 /* Frameworks */ = {
			isa = PBXFrameworksBuildPhase;
			buildActionMask = 2147483647;
			files = (
				059920F61615F79C009FC7BD /* CorePlot.framework in Frameworks */,
				8D11072F0486CEB800E47090 /* Cocoa.framework in Frameworks */,
			);
			runOnlyForDeploymentPostprocessing = 0;
		};
/* End PBXFrameworksBuildPhase section */

/* Begin PBXGroup section */
		0511A707145B65310060519A /* NuRemoting */ = {
			isa = PBXGroup;
			children = (
				0511A708145B65310060519A /* AsyncSocket.h */,
				0511A709145B65310060519A /* AsyncSocket.m */,
				0511A70A145B65310060519A /* RemotingClient.h */,
				0511A70B145B65310060519A /* RemotingClient.m */,
				0511A70C145B65310060519A /* Shared.h */,
				0511A7EF145EDB4A0060519A /* NRStats.h */,
				0511A7F0145EDB4A0060519A /* NRStats.m */,
				0559FC8A14CEE3DF0054F8F6 /* SPNuRemote.h */,
				0559FC8B14CEE3DF0054F8F6 /* SPNuRemote.m */,
			);
			name = NuRemoting;
			path = ../NuRemote;
			sourceTree = "<group>";
		};
		0511A7BB145EA3010060519A /* Products */ = {
			isa = PBXGroup;
			children = (
				0511A7C4145EA3010060519A /* CorePlot.framework */,
				0511A7C6145EA3010060519A /* UnitTests.octest */,
			);
			name = Products;
			sourceTree = "<group>";
		};
		0550BFBF145FF8ED00BF8366 /* Mac */ = {
			isa = PBXGroup;
			children = (
				080E96DDFE201D6D7F000001 /* Sources */,
				29B97317FDCFA39411CA2CEA /* Resources */,
				29B97323FDCFA39411CA2CEA /* Frameworks */,
			);
			name = Mac;
			sourceTree = "<group>";
		};
		0550BFC6145FF9D800BF8366 /* Frameworks */ = {
			isa = PBXGroup;
			children = (
				0550C0281460079000BF8366 /* QuartzCore.framework */,
				0550BFE61460008E00BF8366 /* CFNetwork.framework */,
				0550BFC7145FF9D800BF8366 /* UIKit.framework */,
				0550BFC9145FF9D800BF8366 /* Foundation.framework */,
				0550BFCB145FF9D800BF8366 /* CoreGraphics.framework */,
			);
			name = Frameworks;
			path = ..;
			sourceTree = "<group>";
		};
		0550BFCD145FF9D800BF8366 /* iOS */ = {
			isa = PBXGroup;
			children = (
				0550BFD6145FF9D800BF8366 /* NRAppDelegate.h */,
				0550BFD7145FF9D800BF8366 /* NRAppDelegate.m */,
				0550BFDC145FFC5600BF8366 /* NRHostFinder.h */,
				0550BFDD145FFC5600BF8366 /* NRHostFinder.m */,
				0550BFDE145FFC5600BF8366 /* NRHostFinder.xib */,
				0550BFEE146002EF00BF8366 /* NRClientVC.h */,
				0550BFEF146002EF00BF8366 /* NRClientVC.m */,
				0550BFE9146002C600BF8366 /* NRStatsViewer.h */,
				0550BFEA146002C600BF8366 /* NRStatsViewer.m */,
				0550C02A1460159000BF8366 /* NRStatsCell.xib */,
				0550BFEB146002C600BF8366 /* NRStatsViewer.xib */,
				05E678AA14601B8F006E0499 /* LogViewer.h */,
				05E678AB14601B8F006E0499 /* LogViewer.m */,
				0550BFCE145FF9D800BF8366 /* Supporting Files */,
				0550BFC6145FF9D800BF8366 /* Frameworks */,
			);
			path = iOS;
			sourceTree = "<group>";
		};
		0550BFCE145FF9D800BF8366 /* Supporting Files */ = {
			isa = PBXGroup;
			children = (
				05E6791E14605575006E0499 /* icon.png */,
				0550BFCF145FF9D800BF8366 /* MobileNuRemoter-Info.plist */,
				0550BFD0145FF9D800BF8366 /* InfoPlist.strings */,
				0550BFD3145FF9D800BF8366 /* main.m */,
				0550BFD5145FF9D800BF8366 /* MobileNuRemoter-Prefix.pch */,
			);
			name = "Supporting Files";
			sourceTree = "<group>";
		};
		0550BFE81460028A00BF8366 /* Shared */ = {
			isa = PBXGroup;
			children = (
				0550BFF61460053000BF8366 /* NRStatsCell.h */,
				0550BFF71460053000BF8366 /* NRStatsCell.m */,
				05AFC26A14FD46580093BB1F /* NRTextOnlyStatsCell.h */,
				05AFC26B14FD46580093BB1F /* NRTextOnlyStatsCell.m */,
			);
			path = Shared;
			sourceTree = "<group>";
		};
		0550C007146005F200BF8366 /* Products */ = {
			isa = PBXGroup;
			children = (
				0550C00D146005F200BF8366 /* libCorePlot-CocoaTouch.a */,
			);
			name = Products;
			sourceTree = "<group>";
		};
		080E96DDFE201D6D7F000001 /* Sources */ = {
			isa = PBXGroup;
			children = (
				256AC3D80F4B6AC300CF3369 /* NuRemoterAppDelegate.h */,
				256AC3D90F4B6AC300CF3369 /* NuRemoterAppDelegate.m */,
				056EE44C1338DE1200FA0A60 /* ClientController.h */,
				056EE44D1338DE1200FA0A60 /* ClientController.m */,
				056EE44E1338DE1200FA0A60 /* ClientController.xib */,
				05F6CEE0134F31ED009FB3B1 /* TemplateController.h */,
				05F6CEE1134F31ED009FB3B1 /* TemplateController.m */,
				256AC3F00F4B6AF500CF3369 /* NuRemoter_Prefix.pch */,
				29B97316FDCFA39411CA2CEA /* main.m */,
			);
			name = Sources;
			path = Mac/Sources;
			sourceTree = "<group>";
		};
		1058C7A0FEA54F0111CA2CBB /* Linked Frameworks */ = {
			isa = PBXGroup;
			children = (
				1058C7A1FEA54F0111CA2CBB /* Cocoa.framework */,
			);
			name = "Linked Frameworks";
			sourceTree = "<group>";
		};
		1058C7A2FEA54F0111CA2CBB /* Other Frameworks */ = {
			isa = PBXGroup;
			children = (
				29B97324FDCFA39411CA2CEA /* AppKit.framework */,
				13E42FB307B3F0F600E4EEF1 /* CoreData.framework */,
				29B97325FDCFA39411CA2CEA /* Foundation.framework */,
			);
			name = "Other Frameworks";
			sourceTree = "<group>";
		};
		19C28FACFE9D520D11CA2CBB /* Products */ = {
			isa = PBXGroup;
			children = (
				8D1107320486CEB800E47090 /* NuRemoter.app */,
				0550BFC4145FF9D800BF8366 /* NuRemoter.app */,
			);
			name = Products;
			sourceTree = "<group>";
		};
		29B97314FDCFA39411CA2CEA /* NuRemoter */ = {
			isa = PBXGroup;
			children = (
				059920F51615F79C009FC7BD /* CorePlot.framework */,
				0511A707145B65310060519A /* NuRemoting */,
				0550BFE81460028A00BF8366 /* Shared */,
				0550BFBF145FF8ED00BF8366 /* Mac */,
				0550BFCD145FF9D800BF8366 /* iOS */,
				19C28FACFE9D520D11CA2CBB /* Products */,
				0550C006146005F200BF8366 /* CorePlot-CocoaTouch.xcodeproj */,
				0511A7BA145EA3010060519A /* CorePlot.xcodeproj */,
			);
			name = NuRemoter;
			sourceTree = "<group>";
		};
		29B97317FDCFA39411CA2CEA /* Resources */ = {
			isa = PBXGroup;
			children = (
				056EE58A1338EB0200FA0A60 /* icon.icns */,
				8D1107310486CEB800E47090 /* NuRemoter-Info.plist */,
				089C165CFE840E0CC02AAC07 /* InfoPlist.strings */,
				1DDD58140DA1D0A300B32029 /* MainMenu.xib */,
			);
			name = Resources;
			path = Mac/Resources;
			sourceTree = "<group>";
		};
		29B97323FDCFA39411CA2CEA /* Frameworks */ = {
			isa = PBXGroup;
			children = (
				1058C7A0FEA54F0111CA2CBB /* Linked Frameworks */,
				1058C7A2FEA54F0111CA2CBB /* Other Frameworks */,
			);
			name = Frameworks;
			sourceTree = "<group>";
		};
/* End PBXGroup section */

/* Begin PBXNativeTarget section */
		0550BFC3145FF9D800BF8366 /* MobileNuRemoter */ = {
			isa = PBXNativeTarget;
			buildConfigurationList = 0550BFD9145FF9D800BF8366 /* Build configuration list for PBXNativeTarget "MobileNuRemoter" */;
			buildPhases = (
				0550BFC0145FF9D800BF8366 /* Sources */,
				0550BFC1145FF9D800BF8366 /* Frameworks */,
				0550BFC2145FF9D800BF8366 /* Resources */,
			);
			buildRules = (
			);
			dependencies = (
			);
			name = MobileNuRemoter;
			productName = MobileNuRemoter;
			productReference = 0550BFC4145FF9D800BF8366 /* NuRemoter.app */;
			productType = "com.apple.product-type.application";
		};
		8D1107260486CEB800E47090 /* NuRemoter */ = {
			isa = PBXNativeTarget;
			buildConfigurationList = C01FCF4A08A954540054247B /* Build configuration list for PBXNativeTarget "NuRemoter" */;
			buildPhases = (
				8D1107290486CEB800E47090 /* Resources */,
				8D11072C0486CEB800E47090 /* Sources */,
				8D11072E0486CEB800E47090 /* Frameworks */,
				05E678CC14602D3F006E0499 /* CopyFiles */,
			);
			buildRules = (
			);
			dependencies = (
				05AADF081615F76F0082AED0 /* PBXTargetDependency */,
			);
			name = NuRemoter;
			productInstallPath = "$(HOME)/Applications";
			productName = NuRemoter;
			productReference = 8D1107320486CEB800E47090 /* NuRemoter.app */;
			productType = "com.apple.product-type.application";
		};
/* End PBXNativeTarget section */

/* Begin PBXProject section */
		29B97313FDCFA39411CA2CEA /* Project object */ = {
			isa = PBXProject;
			attributes = {
			};
			buildConfigurationList = C01FCF4E08A954540054247B /* Build configuration list for PBXProject "NuRemoter" */;
			compatibilityVersion = "Xcode 3.1";
			developmentRegion = English;
			hasScannedForEncodings = 1;
			knownRegions = (
				English,
				Japanese,
				French,
				German,
				en,
			);
			mainGroup = 29B97314FDCFA39411CA2CEA /* NuRemoter */;
			projectDirPath = "";
			projectReferences = (
				{
					ProductGroup = 0550C007146005F200BF8366 /* Products */;
					ProjectRef = 0550C006146005F200BF8366 /* CorePlot-CocoaTouch.xcodeproj */;
				},
				{
					ProductGroup = 0511A7BB145EA3010060519A /* Products */;
					ProjectRef = 0511A7BA145EA3010060519A /* CorePlot.xcodeproj */;
				},
			);
			projectRoot = "";
			targets = (
				8D1107260486CEB800E47090 /* NuRemoter */,
				0550BFC3145FF9D800BF8366 /* MobileNuRemoter */,
			);
		};
/* End PBXProject section */

/* Begin PBXReferenceProxy section */
		0511A7C4145EA3010060519A /* CorePlot.framework */ = {
			isa = PBXReferenceProxy;
			fileType = wrapper.framework;
			path = CorePlot.framework;
			remoteRef = 0511A7C3145EA3010060519A /* PBXContainerItemProxy */;
			sourceTree = BUILT_PRODUCTS_DIR;
		};
		0511A7C6145EA3010060519A /* UnitTests.octest */ = {
			isa = PBXReferenceProxy;
			fileType = wrapper.cfbundle;
			path = UnitTests.octest;
			remoteRef = 0511A7C5145EA3010060519A /* PBXContainerItemProxy */;
			sourceTree = BUILT_PRODUCTS_DIR;
		};
		0550C00D146005F200BF8366 /* libCorePlot-CocoaTouch.a */ = {
			isa = PBXReferenceProxy;
			fileType = archive.ar;
			path = "libCorePlot-CocoaTouch.a";
			remoteRef = 0550C00C146005F200BF8366 /* PBXContainerItemProxy */;
			sourceTree = BUILT_PRODUCTS_DIR;
		};
/* End PBXReferenceProxy section */

/* Begin PBXResourcesBuildPhase section */
		0550BFC2145FF9D800BF8366 /* Resources */ = {
			isa = PBXResourcesBuildPhase;
			buildActionMask = 2147483647;
			files = (
				0550BFD2145FF9D800BF8366 /* InfoPlist.strings in Resources */,
				0550BFE2145FFC8700BF8366 /* NRHostFinder.xib in Resources */,
				0550BFF41460030100BF8366 /* NRStatsViewer.xib in Resources */,
				05E6791F14605575006E0499 /* icon.png in Resources */,
			);
			runOnlyForDeploymentPostprocessing = 0;
		};
		8D1107290486CEB800E47090 /* Resources */ = {
			isa = PBXResourcesBuildPhase;
			buildActionMask = 2147483647;
			files = (
				8D11072B0486CEB800E47090 /* InfoPlist.strings in Resources */,
				1DDD58160DA1D0A300B32029 /* MainMenu.xib in Resources */,
				056EE4501338DE1200FA0A60 /* ClientController.xib in Resources */,
				056EE58B1338EB0200FA0A60 /* icon.icns in Resources */,
				0550C02B1460159000BF8366 /* NRStatsCell.xib in Resources */,
			);
			runOnlyForDeploymentPostprocessing = 0;
		};
/* End PBXResourcesBuildPhase section */

/* Begin PBXSourcesBuildPhase section */
		0550BFC0145FF9D800BF8366 /* Sources */ = {
			isa = PBXSourcesBuildPhase;
			buildActionMask = 2147483647;
			files = (
				0550BFD4145FF9D800BF8366 /* main.m in Sources */,
				0550BFD8145FF9D800BF8366 /* NRAppDelegate.m in Sources */,
				0550BFE1145FFC8100BF8366 /* NRHostFinder.m in Sources */,
				0550BFE31460007000BF8366 /* AsyncSocket.m in Sources */,
				0550BFE41460007300BF8366 /* RemotingClient.m in Sources */,
				0550BFE51460007600BF8366 /* NRStats.m in Sources */,
				0550BFF31460030100BF8366 /* NRStatsViewer.m in Sources */,
				0550BFF51460030100BF8366 /* NRClientVC.m in Sources */,
				0550BFF91460053000BF8366 /* NRStatsCell.m in Sources */,
				05E678AC14601B8F006E0499 /* LogViewer.m in Sources */,
				05AFC26C14FD46580093BB1F /* NRTextOnlyStatsCell.m in Sources */,
			);
			runOnlyForDeploymentPostprocessing = 0;
		};
		8D11072C0486CEB800E47090 /* Sources */ = {
			isa = PBXSourcesBuildPhase;
			buildActionMask = 2147483647;
			files = (
				8D11072D0486CEB800E47090 /* main.m in Sources */,
				256AC3DA0F4B6AC300CF3369 /* NuRemoterAppDelegate.m in Sources */,
				056EE44F1338DE1200FA0A60 /* ClientController.m in Sources */,
				05F6CEE2134F31ED009FB3B1 /* TemplateController.m in Sources */,
				0511A70F145B65310060519A /* AsyncSocket.m in Sources */,
				0511A710145B65310060519A /* RemotingClient.m in Sources */,
				0511A7F1145EDB4B0060519A /* NRStats.m in Sources */,
				0550BFF81460053000BF8366 /* NRStatsCell.m in Sources */,
			);
			runOnlyForDeploymentPostprocessing = 0;
		};
/* End PBXSourcesBuildPhase section */

/* Begin PBXTargetDependency section */
		05AADF081615F76F0082AED0 /* PBXTargetDependency */ = {
			isa = PBXTargetDependency;
			name = CorePlot;
			targetProxy = 05AADF071615F76F0082AED0 /* PBXContainerItemProxy */;
		};
/* End PBXTargetDependency section */

/* Begin PBXVariantGroup section */
		0550BFD0145FF9D800BF8366 /* InfoPlist.strings */ = {
			isa = PBXVariantGroup;
			children = (
				0550BFD1145FF9D800BF8366 /* en */,
			);
			name = InfoPlist.strings;
			sourceTree = "<group>";
		};
		089C165CFE840E0CC02AAC07 /* InfoPlist.strings */ = {
			isa = PBXVariantGroup;
			children = (
				089C165DFE840E0CC02AAC07 /* English */,
			);
			name = InfoPlist.strings;
			sourceTree = "<group>";
		};
		1DDD58140DA1D0A300B32029 /* MainMenu.xib */ = {
			isa = PBXVariantGroup;
			children = (
				1DDD58150DA1D0A300B32029 /* English */,
			);
			name = MainMenu.xib;
			sourceTree = "<group>";
		};
/* End PBXVariantGroup section */

/* Begin XCBuildConfiguration section */
		0550BFDA145FF9D800BF8366 /* Debug */ = {
			isa = XCBuildConfiguration;
			buildSettings = {
				ALWAYS_SEARCH_USER_PATHS = NO;
				ARCHS = "$(ARCHS_STANDARD_32_BIT)";
				"CODE_SIGN_IDENTITY[sdk=iphoneos*]" = "iPhone Developer";
				COPY_PHASE_STRIP = NO;
				FRAMEWORK_SEARCH_PATHS = (
					"$(inherited)",
					"\"$(DEVELOPER_FRAMEWORKS_DIR)\"",
				);
				GCC_DYNAMIC_NO_PIC = NO;
				GCC_PRECOMPILE_PREFIX_HEADER = YES;
				GCC_PREFIX_HEADER = "iOS/MobileNuRemoter-Prefix.pch";
				GCC_PREPROCESSOR_DEFINITIONS = (
					"DEBUG=1",
					"$(inherited)",
				);
				GCC_SYMBOLS_PRIVATE_EXTERN = NO;
				GCC_VERSION = com.apple.compilers.llvm.clang.1_0;
				GCC_WARN_ABOUT_MISSING_PROTOTYPES = YES;
				INFOPLIST_FILE = "iOS/MobileNuRemoter-Info.plist";
				IPHONEOS_DEPLOYMENT_TARGET = 5.0;
				OTHER_LDFLAGS = "-ObjC";
				PRODUCT_NAME = NuRemoter;
				SDKROOT = iphoneos;
				TARGETED_DEVICE_FAMILY = "1,2";
				USER_HEADER_SEARCH_PATHS = "CorePlot/framework CorePlot/framework/iPhoneOnly CorePlot/framework/Source";
				WRAPPER_EXTENSION = app;
			};
			name = Debug;
		};
		0550BFDB145FF9D800BF8366 /* Release */ = {
			isa = XCBuildConfiguration;
			buildSettings = {
				ALWAYS_SEARCH_USER_PATHS = NO;
				ARCHS = "$(ARCHS_STANDARD_32_BIT)";
				"CODE_SIGN_IDENTITY[sdk=iphoneos*]" = "iPhone Distribution: Spotify Ltd";
				COPY_PHASE_STRIP = YES;
				FRAMEWORK_SEARCH_PATHS = (
					"$(inherited)",
					"\"$(DEVELOPER_FRAMEWORKS_DIR)\"",
				);
				GCC_PRECOMPILE_PREFIX_HEADER = YES;
				GCC_PREFIX_HEADER = "iOS/MobileNuRemoter-Prefix.pch";
				GCC_VERSION = com.apple.compilers.llvm.clang.1_0;
				GCC_WARN_ABOUT_MISSING_PROTOTYPES = YES;
				INFOPLIST_FILE = "iOS/MobileNuRemoter-Info.plist";
				IPHONEOS_DEPLOYMENT_TARGET = 5.0;
				OTHER_CFLAGS = "-DNS_BLOCK_ASSERTIONS=1";
				OTHER_LDFLAGS = "-ObjC";
				PRODUCT_NAME = NuRemoter;
				"PROVISIONING_PROFILE[sdk=iphoneos*]" = "E0DB03CA-7D29-4A99-AED3-995DF13B4D28";
				SDKROOT = iphoneos;
				TARGETED_DEVICE_FAMILY = "1,2";
				USER_HEADER_SEARCH_PATHS = "CorePlot/framework CorePlot/framework/iPhoneOnly CorePlot/framework/Source";
				VALIDATE_PRODUCT = YES;
				WRAPPER_EXTENSION = app;
			};
			name = Release;
		};
		C01FCF4B08A954540054247B /* Debug */ = {
			isa = XCBuildConfiguration;
			buildSettings = {
				ALWAYS_SEARCH_USER_PATHS = NO;
				COPY_PHASE_STRIP = NO;
				FRAMEWORK_SEARCH_PATHS = (
					"$(inherited)",
					"\"$(SRCROOT)/CorePlot/build/Debug\"",
				);
				GCC_DYNAMIC_NO_PIC = NO;
				GCC_ENABLE_FIX_AND_CONTINUE = YES;
				GCC_MODEL_TUNING = G5;
				GCC_OPTIMIZATION_LEVEL = 0;
				GCC_PRECOMPILE_PREFIX_HEADER = YES;
				GCC_PREFIX_HEADER = Mac/Sources/NuRemoter_Prefix.pch;
				INFOPLIST_FILE = "Mac/Resources/NuRemoter-Info.plist";
				INSTALL_PATH = "$(HOME)/Applications";
				PRODUCT_NAME = NuRemoter;
				SDKROOT = macosx10.9;
			};
			name = Debug;
		};
		C01FCF4C08A954540054247B /* Release */ = {
			isa = XCBuildConfiguration;
			buildSettings = {
				ALWAYS_SEARCH_USER_PATHS = NO;
				DEBUG_INFORMATION_FORMAT = "dwarf-with-dsym";
				FRAMEWORK_SEARCH_PATHS = (
					"$(inherited)",
					"\"$(SRCROOT)/CorePlot/build/Debug\"",
				);
				GCC_MODEL_TUNING = G5;
				GCC_PRECOMPILE_PREFIX_HEADER = YES;
				GCC_PREFIX_HEADER = Mac/Sources/NuRemoter_Prefix.pch;
				INFOPLIST_FILE = "Mac/Resources/NuRemoter-Info.plist";
				INSTALL_PATH = "$(HOME)/Applications";
				PRODUCT_NAME = NuRemoter;
				SDKROOT = macosx10.9;
			};
			name = Release;
		};
		C01FCF4F08A954540054247B /* Debug */ = {
			isa = XCBuildConfiguration;
			buildSettings = {
				ARCHS = "$(ARCHS_STANDARD_32_64_BIT)";
				GCC_C_LANGUAGE_STANDARD = gnu99;
				GCC_OPTIMIZATION_LEVEL = 0;
				GCC_WARN_ABOUT_RETURN_TYPE = YES;
				GCC_WARN_UNUSED_VARIABLE = YES;
				ONLY_ACTIVE_ARCH = YES;
				PREBINDING = NO;
				SDKROOT = macosx10.9;
			};
			name = Debug;
		};
		C01FCF5008A954540054247B /* Release */ = {
			isa = XCBuildConfiguration;
			buildSettings = {
				ARCHS = "$(ARCHS_STANDARD_32_64_BIT)";
				GCC_C_LANGUAGE_STANDARD = gnu99;
				GCC_WARN_ABOUT_RETURN_TYPE = YES;
				GCC_WARN_UNUSED_VARIABLE = YES;
				PREBINDING = NO;
				SDKROOT = macosx10.9;
			};
			name = Release;
		};
/* End XCBuildConfiguration section */

/* Begin XCConfigurationList section */
		0550BFD9145FF9D800BF8366 /* Build configuration list for PBXNativeTarget "MobileNuRemoter" */ = {
			isa = XCConfigurationList;
			buildConfigurations = (
				0550BFDA145FF9D800BF8366 /* Debug */,
				0550BFDB145FF9D800BF8366 /* Release */,
			);
			defaultConfigurationIsVisible = 0;
			defaultConfigurationName = Release;
		};
		C01FCF4A08A954540054247B /* Build configuration list for PBXNativeTarget "NuRemoter" */ = {
			isa = XCConfigurationList;
			buildConfigurations = (
				C01FCF4B08A954540054247B /* Debug */,
				C01FCF4C08A954540054247B /* Release */,
			);
			defaultConfigurationIsVisible = 0;
			defaultConfigurationName = Release;
		};
		C01FCF4E08A954540054247B /* Build configuration list for PBXProject "NuRemoter" */ = {
			isa = XCConfigurationList;
			buildConfigurations = (
				C01FCF4F08A954540054247B /* Debug */,
				C01FCF5008A954540054247B /* Release */,
			);
			defaultConfigurationIsVisible = 0;
			defaultConfigurationName = Release;
		};
/* End XCConfigurationList section */
	};
	rootObject = 29B97313FDCFA39411CA2CEA /* Project object */;
}
